
Microsoft Visual Studio Solution File, Format Version 12.00
# Visual Studio Version 16
VisualStudioVersion = 16.0.35026.282
MinimumVisualStudioVersion = 10.0.40219.1
Project("{FAE04EC0-301F-11D3-BF4B-00C04F79EFBC}") = "Test_0812-002", "Test_0812-002.csproj", "{6513DA90-A254-4A00-8D8E-0A518483AFAA}"
EndProject
Project("{FAE04EC0-301F-11D3-BF4B-00C04F79EFBC}") = "MyCodeLib", "..\MyCodeLib\MyCodeLib.csproj", "{42E73548-F296-4F74-B182-8E1DAC184ADB}"
EndProject
Project("{FAE04EC0-301F-11D3-BF4B-00C04F79EFBC}") = "test02", "..\test02\test02.csproj", "{E1F934CA-18DB-43DD-9BE2-66D3BA14EBFA}"
EndProject
Project("{FAE04EC0-301F-11D3-BF4B-00C04F79EFBC}") = "test03", "..\test03\test03.csproj", "{DD10D5FE-683E-4975-A091-57380DB43C66}"
EndProject
Project("{FAE04EC0-301F-11D3-BF4B-00C04F79EFBC}") = "test04", "..\test04\test04.csproj", "{FBE67180-6866-445B-9234-A08B63E4BBF4}"
EndProject
Project("{FAE04EC0-301F-11D3-BF4B-00C04F79EFBC}") = "test05", "..\test05\test05.csproj", "{2463B10A-1017-4523-8CA4-E9A812E64079}"
EndProject
Project("{FAE04EC0-301F-11D3-BF4B-00C04F79EFBC}") = "test01", "..\test01\test01.csproj", "{4C8DABD1-F197-4713-B04D-362A68ACA4D1}"
EndProject
Project("{FAE04EC0-301F-11D3-BF4B-00C04F79EFBC}") = "test06", "..\test06\test06.csproj", "{3C3A16E2-7184-4C33-97A8-EB5488B34BE6}"
EndProject
Project("{FAE04EC0-301F-11D3-BF4B-00C04F79EFBC}") = "test07", "..\test07\test07.csproj", "{D96574E1-E56A-40FF-B279-7051210F713E}"
EndProject
Project("{FAE04EC0-301F-11D3-BF4B-00C04F79EFBC}") = "test08", "..\test08\test08.csproj", "{180D984F-401E-411C-BDDF-2A50B8D94384}"
EndProject
Project("{FAE04EC0-301F-11D3-BF4B-00C04F79EFBC}") = "test09", "..\test09\test09.csproj", "{DDFD9DCF-65B4-4407-AC89-AA3EC8CCAD9E}"
EndProject
Project("{FAE04EC0-301F-11D3-BF4B-00C04F79EFBC}") = "test10", "..\test10\test10.csproj", "{9F142F39-E17B-4583-82F0-185AE91EE2E3}"
EndProject
Project("{FAE04EC0-301F-11D3-BF4B-00C04F79EFBC}") = "test11", "..\test11\test11.csproj", "{F1DD87B0-DDC8-4B47-BEBC-84269E9B5AF5}"
EndProject
Project("{FAE04EC0-301F-11D3-BF4B-00C04F79EFBC}") = "test12", "..\test12\test12.csproj", "{F66EBC65-DAAB-4721-B024-783D6E803E72}"
EndProject
Project("{FAE04EC0-301F-11D3-BF4B-00C04F79EFBC}") = "test13", "..\test13\test13.csproj", "{B7F52259-931F-4E81-BF30-C3E4B6A60BCC}"
EndProject
Project("{FAE04EC0-301F-11D3-BF4B-00C04F79EFBC}") = "test14", "..\test14\test14.csproj", "{BE931014-179C-409D-BC81-0888D5BCDFEF}"
EndProject
Project("{FAE04EC0-301F-11D3-BF4B-00C04F79EFBC}") = "test15", "..\test15\test15.csproj", "{360E2548-1198-4303-95AB-6A3720EFBE72}"
EndProject
Project("{FAE04EC0-301F-11D3-BF4B-00C04F79EFBC}") = "GenericMethodAppl", "..\GenericMethodAppl\GenericMethodAppl.csproj", "{E05D556D-BA25-4838-B807-6AEA392A70D9}"
EndProject
Project("{FAE04EC0-301F-11D3-BF4B-00C04F79EFBC}") = "LambdaAndDelegate", "..\LambdaAndDelegate\LambdaAndDelegate.csproj", "{E5EC9FA2-635F-4812-B0A1-E218D51876BE}"
EndProject
Project("{FAE04EC0-301F-11D3-BF4B-00C04F79EFBC}") = "MultithreadingApplication", "..\MultithreadingApplication\MultithreadingApplication.csproj", "{D4CDFA9D-0B87-429C-AA09-AD9DB4D55C5D}"
EndProject
Project("{FAE04EC0-301F-11D3-BF4B-00C04F79EFBC}") = "SimpleEvent", "..\SimpleEvent\SimpleEvent.csproj", "{FF4B4684-C59E-45C2-8910-0EBCCCF9BFE2}"
EndProject
Project("{FAE04EC0-301F-11D3-BF4B-00C04F79EFBC}") = "BoilerEventAppl", "..\BoilerEventAppl\BoilerEventAppl.csproj", "{2E259457-8E52-4C0C-B7D0-146E6E2210C1}"
EndProject
Project("{FAE04EC0-301F-11D3-BF4B-00C04F79EFBC}") = "LineAPPlication", "..\LineAPPlication\LineAPPlication.csproj", "{2E0ACE69-36D9-4192-98D2-294E157ED979}"
EndProject
Project("{FAE04EC0-301F-11D3-BF4B-00C04F79EFBC}") = "InheritanceApplication", "..\InheritanceApplication\InheritanceApplication.csproj", "{16717653-4FAD-466D-8EB3-B9A03CCA2F66}"
EndProject
Project("{FAE04EC0-301F-11D3-BF4B-00C04F79EFBC}") = "RectangleApplication", "..\RectangleApplication\RectangleApplication.csproj", "{908AFC3D-9E26-4F25-BD59-81AA4EE269BA}"
EndProject
Project("{FAE04EC0-301F-11D3-BF4B-00C04F79EFBC}") = "ErrorHandlingApplication", "..\ErrorHandlingApplication\ErrorHandlingApplication.csproj", "{CC73113B-1CC9-4B71-A97A-95882CE94DAB}"
EndProject
Project("{FAE04EC0-301F-11D3-BF4B-00C04F79EFBC}") = "FileApplication", "..\FileApplication\FileApplication.csproj", "{89BBFB1C-EF68-45BA-925C-CDDAA65F2194}"
EndProject
Global
	GlobalSection(SolutionConfigurationPlatforms) = preSolution
		Debug|Any CPU = Debug|Any CPU
		Debug|x86 = Debug|x86
		Release|Any CPU = Release|Any CPU
		Release|x86 = Release|x86
	EndGlobalSection
	GlobalSection(ProjectConfigurationPlatforms) = postSolution
		{6513DA90-A254-4A00-8D8E-0A518483AFAA}.Debug|Any CPU.ActiveCfg = Debug|Any CPU
		{6513DA90-A254-4A00-8D8E-0A518483AFAA}.Debug|Any CPU.Build.0 = Debug|Any CPU
		{6513DA90-A254-4A00-8D8E-0A518483AFAA}.Debug|x86.ActiveCfg = Debug|Any CPU
		{6513DA90-A254-4A00-8D8E-0A518483AFAA}.Debug|x86.Build.0 = Debug|Any CPU
		{6513DA90-A254-4A00-8D8E-0A518483AFAA}.Release|Any CPU.ActiveCfg = Release|Any CPU
		{6513DA90-A254-4A00-8D8E-0A518483AFAA}.Release|Any CPU.Build.0 = Release|Any CPU
		{6513DA90-A254-4A00-8D8E-0A518483AFAA}.Release|x86.ActiveCfg = Release|Any CPU
		{6513DA90-A254-4A00-8D8E-0A518483AFAA}.Release|x86.Build.0 = Release|Any CPU
		{42E73548-F296-4F74-B182-8E1DAC184ADB}.Debug|Any CPU.ActiveCfg = Debug|Any CPU
		{42E73548-F296-4F74-B182-8E1DAC184ADB}.Debug|Any CPU.Build.0 = Debug|Any CPU
		{42E73548-F296-4F74-B182-8E1DAC184ADB}.Debug|x86.ActiveCfg = Debug|Any CPU
		{42E73548-F296-4F74-B182-8E1DAC184ADB}.Debug|x86.Build.0 = Debug|Any CPU
		{42E73548-F296-4F74-B182-8E1DAC184ADB}.Release|Any CPU.ActiveCfg = Release|Any CPU
		{42E73548-F296-4F74-B182-8E1DAC184ADB}.Release|Any CPU.Build.0 = Release|Any CPU
		{42E73548-F296-4F74-B182-8E1DAC184ADB}.Release|x86.ActiveCfg = Release|Any CPU
		{42E73548-F296-4F74-B182-8E1DAC184ADB}.Release|x86.Build.0 = Release|Any CPU
		{E1F934CA-18DB-43DD-9BE2-66D3BA14EBFA}.Debug|Any CPU.ActiveCfg = Debug|Any CPU
		{E1F934CA-18DB-43DD-9BE2-66D3BA14EBFA}.Debug|Any CPU.Build.0 = Debug|Any CPU
		{E1F934CA-18DB-43DD-9BE2-66D3BA14EBFA}.Debug|x86.ActiveCfg = Debug|Any CPU
		{E1F934CA-18DB-43DD-9BE2-66D3BA14EBFA}.Debug|x86.Build.0 = Debug|Any CPU
		{E1F934CA-18DB-43DD-9BE2-66D3BA14EBFA}.Release|Any CPU.ActiveCfg = Release|Any CPU
		{E1F934CA-18DB-43DD-9BE2-66D3BA14EBFA}.Release|Any CPU.Build.0 = Release|Any CPU
		{E1F934CA-18DB-43DD-9BE2-66D3BA14EBFA}.Release|x86.ActiveCfg = Release|Any CPU
		{E1F934CA-18DB-43DD-9BE2-66D3BA14EBFA}.Release|x86.Build.0 = Release|Any CPU
		{DD10D5FE-683E-4975-A091-57380DB43C66}.Debug|Any CPU.ActiveCfg = Debug|Any CPU
		{DD10D5FE-683E-4975-A091-57380DB43C66}.Debug|Any CPU.Build.0 = Debug|Any CPU
		{DD10D5FE-683E-4975-A091-57380DB43C66}.Debug|x86.ActiveCfg = Debug|Any CPU
		{DD10D5FE-683E-4975-A091-57380DB43C66}.Debug|x86.Build.0 = Debug|Any CPU
		{DD10D5FE-683E-4975-A091-57380DB43C66}.Release|Any CPU.ActiveCfg = Release|Any CPU
		{DD10D5FE-683E-4975-A091-57380DB43C66}.Release|Any CPU.Build.0 = Release|Any CPU
		{DD10D5FE-683E-4975-A091-57380DB43C66}.Release|x86.ActiveCfg = Release|Any CPU
		{DD10D5FE-683E-4975-A091-57380DB43C66}.Release|x86.Build.0 = Release|Any CPU
		{FBE67180-6866-445B-9234-A08B63E4BBF4}.Debug|Any CPU.ActiveCfg = Debug|Any CPU
		{FBE67180-6866-445B-9234-A08B63E4BBF4}.Debug|Any CPU.Build.0 = Debug|Any CPU
		{FBE67180-6866-445B-9234-A08B63E4BBF4}.Debug|x86.ActiveCfg = Debug|Any CPU
		{FBE67180-6866-445B-9234-A08B63E4BBF4}.Debug|x86.Build.0 = Debug|Any CPU
		{FBE67180-6866-445B-9234-A08B63E4BBF4}.Release|Any CPU.ActiveCfg = Release|Any CPU
		{FBE67180-6866-445B-9234-A08B63E4BBF4}.Release|Any CPU.Build.0 = Release|Any CPU
		{FBE67180-6866-445B-9234-A08B63E4BBF4}.Release|x86.ActiveCfg = Release|Any CPU
		{FBE67180-6866-445B-9234-A08B63E4BBF4}.Release|x86.Build.0 = Release|Any CPU
		{2463B10A-1017-4523-8CA4-E9A812E64079}.Debug|Any CPU.ActiveCfg = Debug|Any CPU
		{2463B10A-1017-4523-8CA4-E9A812E64079}.Debug|Any CPU.Build.0 = Debug|Any CPU
		{2463B10A-1017-4523-8CA4-E9A812E64079}.Debug|x86.ActiveCfg = Debug|Any CPU
		{2463B10A-1017-4523-8CA4-E9A812E64079}.Debug|x86.Build.0 = Debug|Any CPU
		{2463B10A-1017-4523-8CA4-E9A812E64079}.Release|Any CPU.ActiveCfg = Release|Any CPU
		{2463B10A-1017-4523-8CA4-E9A812E64079}.Release|Any CPU.Build.0 = Release|Any CPU
		{2463B10A-1017-4523-8CA4-E9A812E64079}.Release|x86.ActiveCfg = Release|Any CPU
		{2463B10A-1017-4523-8CA4-E9A812E64079}.Release|x86.Build.0 = Release|Any CPU
		{4C8DABD1-F197-4713-B04D-362A68ACA4D1}.Debug|Any CPU.ActiveCfg = Debug|Any CPU
		{4C8DABD1-F197-4713-B04D-362A68ACA4D1}.Debug|Any CPU.Build.0 = Debug|Any CPU
		{4C8DABD1-F197-4713-B04D-362A68ACA4D1}.Debug|x86.ActiveCfg = Debug|Any CPU
		{4C8DABD1-F197-4713-B04D-362A68ACA4D1}.Debug|x86.Build.0 = Debug|Any CPU
		{4C8DABD1-F197-4713-B04D-362A68ACA4D1}.Release|Any CPU.ActiveCfg = Release|Any CPU
		{4C8DABD1-F197-4713-B04D-362A68ACA4D1}.Release|Any CPU.Build.0 = Release|Any CPU
		{4C8DABD1-F197-4713-B04D-362A68ACA4D1}.Release|x86.ActiveCfg = Release|Any CPU
		{4C8DABD1-F197-4713-B04D-362A68ACA4D1}.Release|x86.Build.0 = Release|Any CPU
		{3C3A16E2-7184-4C33-97A8-EB5488B34BE6}.Debug|Any CPU.ActiveCfg = Debug|Any CPU
		{3C3A16E2-7184-4C33-97A8-EB5488B34BE6}.Debug|Any CPU.Build.0 = Debug|Any CPU
		{3C3A16E2-7184-4C33-97A8-EB5488B34BE6}.Debug|x86.ActiveCfg = Debug|Any CPU
		{3C3A16E2-7184-4C33-97A8-EB5488B34BE6}.Debug|x86.Build.0 = Debug|Any CPU
		{3C3A16E2-7184-4C33-97A8-EB5488B34BE6}.Release|Any CPU.ActiveCfg = Release|Any CPU
		{3C3A16E2-7184-4C33-97A8-EB5488B34BE6}.Release|Any CPU.Build.0 = Release|Any CPU
		{3C3A16E2-7184-4C33-97A8-EB5488B34BE6}.Release|x86.ActiveCfg = Release|Any CPU
		{3C3A16E2-7184-4C33-97A8-EB5488B34BE6}.Release|x86.Build.0 = Release|Any CPU
		{D96574E1-E56A-40FF-B279-7051210F713E}.Debug|Any CPU.ActiveCfg = Debug|Any CPU
		{D96574E1-E56A-40FF-B279-7051210F713E}.Debug|Any CPU.Build.0 = Debug|Any CPU
		{D96574E1-E56A-40FF-B279-7051210F713E}.Debug|x86.ActiveCfg = Debug|Any CPU
		{D96574E1-E56A-40FF-B279-7051210F713E}.Debug|x86.Build.0 = Debug|Any CPU
		{D96574E1-E56A-40FF-B279-7051210F713E}.Release|Any CPU.ActiveCfg = Release|Any CPU
		{D96574E1-E56A-40FF-B279-7051210F713E}.Release|Any CPU.Build.0 = Release|Any CPU
		{D96574E1-E56A-40FF-B279-7051210F713E}.Release|x86.ActiveCfg = Release|Any CPU
		{D96574E1-E56A-40FF-B279-7051210F713E}.Release|x86.Build.0 = Release|Any CPU
		{180D984F-401E-411C-BDDF-2A50B8D94384}.Debug|Any CPU.ActiveCfg = Debug|Any CPU
		{180D984F-401E-411C-BDDF-2A50B8D94384}.Debug|Any CPU.Build.0 = Debug|Any CPU
		{180D984F-401E-411C-BDDF-2A50B8D94384}.Debug|x86.ActiveCfg = Debug|Any CPU
		{180D984F-401E-411C-BDDF-2A50B8D94384}.Debug|x86.Build.0 = Debug|Any CPU
		{180D984F-401E-411C-BDDF-2A50B8D94384}.Release|Any CPU.ActiveCfg = Release|Any CPU
		{180D984F-401E-411C-BDDF-2A50B8D94384}.Release|Any CPU.Build.0 = Release|Any CPU
		{180D984F-401E-411C-BDDF-2A50B8D94384}.Release|x86.ActiveCfg = Release|Any CPU
		{180D984F-401E-411C-BDDF-2A50B8D94384}.Release|x86.Build.0 = Release|Any CPU
		{DDFD9DCF-65B4-4407-AC89-AA3EC8CCAD9E}.Debug|Any CPU.ActiveCfg = Debug|Any CPU
		{DDFD9DCF-65B4-4407-AC89-AA3EC8CCAD9E}.Debug|Any CPU.Build.0 = Debug|Any CPU
		{DDFD9DCF-65B4-4407-AC89-AA3EC8CCAD9E}.Debug|x86.ActiveCfg = Debug|Any CPU
		{DDFD9DCF-65B4-4407-AC89-AA3EC8CCAD9E}.Debug|x86.Build.0 = Debug|Any CPU
		{DDFD9DCF-65B4-4407-AC89-AA3EC8CCAD9E}.Release|Any CPU.ActiveCfg = Release|Any CPU
		{DDFD9DCF-65B4-4407-AC89-AA3EC8CCAD9E}.Release|Any CPU.Build.0 = Release|Any CPU
		{DDFD9DCF-65B4-4407-AC89-AA3EC8CCAD9E}.Release|x86.ActiveCfg = Release|Any CPU
		{DDFD9DCF-65B4-4407-AC89-AA3EC8CCAD9E}.Release|x86.Build.0 = Release|Any CPU
		{9F142F39-E17B-4583-82F0-185AE91EE2E3}.Debug|Any CPU.ActiveCfg = Debug|Any CPU
		{9F142F39-E17B-4583-82F0-185AE91EE2E3}.Debug|Any CPU.Build.0 = Debug|Any CPU
		{9F142F39-E17B-4583-82F0-185AE91EE2E3}.Debug|x86.ActiveCfg = Debug|Any CPU
		{9F142F39-E17B-4583-82F0-185AE91EE2E3}.Debug|x86.Build.0 = Debug|Any CPU
		{9F142F39-E17B-4583-82F0-185AE91EE2E3}.Release|Any CPU.ActiveCfg = Release|Any CPU
		{9F142F39-E17B-4583-82F0-185AE91EE2E3}.Release|Any CPU.Build.0 = Release|Any CPU
		{9F142F39-E17B-4583-82F0-185AE91EE2E3}.Release|x86.ActiveCfg = Release|Any CPU
		{9F142F39-E17B-4583-82F0-185AE91EE2E3}.Release|x86.Build.0 = Release|Any CPU
		{F1DD87B0-DDC8-4B47-BEBC-84269E9B5AF5}.Debug|Any CPU.ActiveCfg = Debug|Any CPU
		{F1DD87B0-DDC8-4B47-BEBC-84269E9B5AF5}.Debug|Any CPU.Build.0 = Debug|Any CPU
		{F1DD87B0-DDC8-4B47-BEBC-84269E9B5AF5}.Debug|x86.ActiveCfg = Debug|Any CPU
		{F1DD87B0-DDC8-4B47-BEBC-84269E9B5AF5}.Debug|x86.Build.0 = Debug|Any CPU
		{F1DD87B0-DDC8-4B47-BEBC-84269E9B5AF5}.Release|Any CPU.ActiveCfg = Release|Any CPU
		{F1DD87B0-DDC8-4B47-BEBC-84269E9B5AF5}.Release|Any CPU.Build.0 = Release|Any CPU
		{F1DD87B0-DDC8-4B47-BEBC-84269E9B5AF5}.Release|x86.ActiveCfg = Release|Any CPU
		{F1DD87B0-DDC8-4B47-BEBC-84269E9B5AF5}.Release|x86.Build.0 = Release|Any CPU
		{F66EBC65-DAAB-4721-B024-783D6E803E72}.Debug|Any CPU.ActiveCfg = Debug|Any CPU
		{F66EBC65-DAAB-4721-B024-783D6E803E72}.Debug|Any CPU.Build.0 = Debug|Any CPU
		{F66EBC65-DAAB-4721-B024-783D6E803E72}.Debug|x86.ActiveCfg = Debug|Any CPU
		{F66EBC65-DAAB-4721-B024-783D6E803E72}.Debug|x86.Build.0 = Debug|Any CPU
		{F66EBC65-DAAB-4721-B024-783D6E803E72}.Release|Any CPU.ActiveCfg = Release|Any CPU
		{F66EBC65-DAAB-4721-B024-783D6E803E72}.Release|Any CPU.Build.0 = Release|Any CPU
		{F66EBC65-DAAB-4721-B024-783D6E803E72}.Release|x86.ActiveCfg = Release|Any CPU
		{F66EBC65-DAAB-4721-B024-783D6E803E72}.Release|x86.Build.0 = Release|Any CPU
		{B7F52259-931F-4E81-BF30-C3E4B6A60BCC}.Debug|Any CPU.ActiveCfg = Debug|Any CPU
		{B7F52259-931F-4E81-BF30-C3E4B6A60BCC}.Debug|Any CPU.Build.0 = Debug|Any CPU
		{B7F52259-931F-4E81-BF30-C3E4B6A60BCC}.Debug|x86.ActiveCfg = Debug|Any CPU
		{B7F52259-931F-4E81-BF30-C3E4B6A60BCC}.Debug|x86.Build.0 = Debug|Any CPU
		{B7F52259-931F-4E81-BF30-C3E4B6A60BCC}.Release|Any CPU.ActiveCfg = Release|Any CPU
		{B7F52259-931F-4E81-BF30-C3E4B6A60BCC}.Release|Any CPU.Build.0 = Release|Any CPU
		{B7F52259-931F-4E81-BF30-C3E4B6A60BCC}.Release|x86.ActiveCfg = Release|Any CPU
		{B7F52259-931F-4E81-BF30-C3E4B6A60BCC}.Release|x86.Build.0 = Release|Any CPU
		{BE931014-179C-409D-BC81-0888D5BCDFEF}.Debug|Any CPU.ActiveCfg = Debug|Any CPU
		{BE931014-179C-409D-BC81-0888D5BCDFEF}.Debug|Any CPU.Build.0 = Debug|Any CPU
		{BE931014-179C-409D-BC81-0888D5BCDFEF}.Debug|x86.ActiveCfg = Debug|Any CPU
		{BE931014-179C-409D-BC81-0888D5BCDFEF}.Debug|x86.Build.0 = Debug|Any CPU
		{BE931014-179C-409D-BC81-0888D5BCDFEF}.Release|Any CPU.ActiveCfg = Release|Any CPU
		{BE931014-179C-409D-BC81-0888D5BCDFEF}.Release|Any CPU.Build.0 = Release|Any CPU
		{BE931014-179C-409D-BC81-0888D5BCDFEF}.Release|x86.ActiveCfg = Release|Any CPU
		{BE931014-179C-409D-BC81-0888D5BCDFEF}.Release|x86.Build.0 = Release|Any CPU
		{360E2548-1198-4303-95AB-6A3720EFBE72}.Debug|Any CPU.ActiveCfg = Debug|Any CPU
		{360E2548-1198-4303-95AB-6A3720EFBE72}.Debug|Any CPU.Build.0 = Debug|Any CPU
		{360E2548-1198-4303-95AB-6A3720EFBE72}.Debug|x86.ActiveCfg = Debug|Any CPU
		{360E2548-1198-4303-95AB-6A3720EFBE72}.Debug|x86.Build.0 = Debug|Any CPU
		{360E2548-1198-4303-95AB-6A3720EFBE72}.Release|Any CPU.ActiveCfg = Release|Any CPU
		{360E2548-1198-4303-95AB-6A3720EFBE72}.Release|Any CPU.Build.0 = Release|Any CPU
		{360E2548-1198-4303-95AB-6A3720EFBE72}.Release|x86.ActiveCfg = Release|Any CPU
		{360E2548-1198-4303-95AB-6A3720EFBE72}.Release|x86.Build.0 = Release|Any CPU
		{E05D556D-BA25-4838-B807-6AEA392A70D9}.Debug|Any CPU.ActiveCfg = Debug|Any CPU
		{E05D556D-BA25-4838-B807-6AEA392A70D9}.Debug|Any CPU.Build.0 = Debug|Any CPU
		{E05D556D-BA25-4838-B807-6AEA392A70D9}.Debug|x86.ActiveCfg = Debug|Any CPU
		{E05D556D-BA25-4838-B807-6AEA392A70D9}.Debug|x86.Build.0 = Debug|Any CPU
		{E05D556D-BA25-4838-B807-6AEA392A70D9}.Release|Any CPU.ActiveCfg = Release|Any CPU
		{E05D556D-BA25-4838-B807-6AEA392A70D9}.Release|Any CPU.Build.0 = Release|Any CPU
		{E05D556D-BA25-4838-B807-6AEA392A70D9}.Release|x86.ActiveCfg = Release|Any CPU
		{E05D556D-BA25-4838-B807-6AEA392A70D9}.Release|x86.Build.0 = Release|Any CPU
		{E5EC9FA2-635F-4812-B0A1-E218D51876BE}.Debug|Any CPU.ActiveCfg = Debug|Any CPU
		{E5EC9FA2-635F-4812-B0A1-E218D51876BE}.Debug|Any CPU.Build.0 = Debug|Any CPU
		{E5EC9FA2-635F-4812-B0A1-E218D51876BE}.Debug|x86.ActiveCfg = Debug|Any CPU
		{E5EC9FA2-635F-4812-B0A1-E218D51876BE}.Debug|x86.Build.0 = Debug|Any CPU
		{E5EC9FA2-635F-4812-B0A1-E218D51876BE}.Release|Any CPU.ActiveCfg = Release|Any CPU
		{E5EC9FA2-635F-4812-B0A1-E218D51876BE}.Release|Any CPU.Build.0 = Release|Any CPU
		{E5EC9FA2-635F-4812-B0A1-E218D51876BE}.Release|x86.ActiveCfg = Release|Any CPU
		{E5EC9FA2-635F-4812-B0A1-E218D51876BE}.Release|x86.Build.0 = Release|Any CPU
		{D4CDFA9D-0B87-429C-AA09-AD9DB4D55C5D}.Debug|Any CPU.ActiveCfg = Debug|Any CPU
		{D4CDFA9D-0B87-429C-AA09-AD9DB4D55C5D}.Debug|Any CPU.Build.0 = Debug|Any CPU
		{D4CDFA9D-0B87-429C-AA09-AD9DB4D55C5D}.Debug|x86.ActiveCfg = Debug|Any CPU
		{D4CDFA9D-0B87-429C-AA09-AD9DB4D55C5D}.Debug|x86.Build.0 = Debug|Any CPU
		{D4CDFA9D-0B87-429C-AA09-AD9DB4D55C5D}.Release|Any CPU.ActiveCfg = Release|Any CPU
		{D4CDFA9D-0B87-429C-AA09-AD9DB4D55C5D}.Release|Any CPU.Build.0 = Release|Any CPU
		{D4CDFA9D-0B87-429C-AA09-AD9DB4D55C5D}.Release|x86.ActiveCfg = Release|Any CPU
		{D4CDFA9D-0B87-429C-AA09-AD9DB4D55C5D}.Release|x86.Build.0 = Release|Any CPU
		{FF4B4684-C59E-45C2-8910-0EBCCCF9BFE2}.Debug|Any CPU.ActiveCfg = Debug|Any CPU
		{FF4B4684-C59E-45C2-8910-0EBCCCF9BFE2}.Debug|Any CPU.Build.0 = Debug|Any CPU
		{FF4B4684-C59E-45C2-8910-0EBCCCF9BFE2}.Debug|x86.ActiveCfg = Debug|Any CPU
		{FF4B4684-C59E-45C2-8910-0EBCCCF9BFE2}.Debug|x86.Build.0 = Debug|Any CPU
		{FF4B4684-C59E-45C2-8910-0EBCCCF9BFE2}.Release|Any CPU.ActiveCfg = Release|Any CPU
		{FF4B4684-C59E-45C2-8910-0EBCCCF9BFE2}.Release|Any CPU.Build.0 = Release|Any CPU
		{FF4B4684-C59E-45C2-8910-0EBCCCF9BFE2}.Release|x86.ActiveCfg = Release|Any CPU
		{FF4B4684-C59E-45C2-8910-0EBCCCF9BFE2}.Release|x86.Build.0 = Release|Any CPU
		{2E259457-8E52-4C0C-B7D0-146E6E2210C1}.Debug|Any CPU.ActiveCfg = Debug|Any CPU
		{2E259457-8E52-4C0C-B7D0-146E6E2210C1}.Debug|Any CPU.Build.0 = Debug|Any CPU
		{2E259457-8E52-4C0C-B7D0-146E6E2210C1}.Debug|x86.ActiveCfg = Debug|Any CPU
		{2E259457-8E52-4C0C-B7D0-146E6E2210C1}.Debug|x86.Build.0 = Debug|Any CPU
		{2E259457-8E52-4C0C-B7D0-146E6E2210C1}.Release|Any CPU.ActiveCfg = Release|Any CPU
		{2E259457-8E52-4C0C-B7D0-146E6E2210C1}.Release|Any CPU.Build.0 = Release|Any CPU
		{2E259457-8E52-4C0C-B7D0-146E6E2210C1}.Release|x86.ActiveCfg = Release|Any CPU
		{2E259457-8E52-4C0C-B7D0-146E6E2210C1}.Release|x86.Build.0 = Release|Any CPU
		{2E0ACE69-36D9-4192-98D2-294E157ED979}.Debug|Any CPU.ActiveCfg = Debug|Any CPU
		{2E0ACE69-36D9-4192-98D2-294E157ED979}.Debug|Any CPU.Build.0 = Debug|Any CPU
		{2E0ACE69-36D9-4192-98D2-294E157ED979}.Debug|x86.ActiveCfg = Debug|Any CPU
		{2E0ACE69-36D9-4192-98D2-294E157ED979}.Debug|x86.Build.0 = Debug|Any CPU
		{2E0ACE69-36D9-4192-98D2-294E157ED979}.Release|Any CPU.ActiveCfg = Release|Any CPU
		{2E0ACE69-36D9-4192-98D2-294E157ED979}.Release|Any CPU.Build.0 = Release|Any CPU
		{2E0ACE69-36D9-4192-98D2-294E157ED979}.Release|x86.ActiveCfg = Release|Any CPU
		{2E0ACE69-36D9-4192-98D2-294E157ED979}.Release|x86.Build.0 = Release|Any CPU
		{16717653-4FAD-466D-8EB3-B9A03CCA2F66}.Debug|Any CPU.ActiveCfg = Debug|Any CPU
		{16717653-4FAD-466D-8EB3-B9A03CCA2F66}.Debug|Any CPU.Build.0 = Debug|Any CPU
		{16717653-4FAD-466D-8EB3-B9A03CCA2F66}.Debug|x86.ActiveCfg = Debug|Any CPU
		{16717653-4FAD-466D-8EB3-B9A03CCA2F66}.Debug|x86.Build.0 = Debug|Any CPU
		{16717653-4FAD-466D-8EB3-B9A03CCA2F66}.Release|Any CPU.ActiveCfg = Release|Any CPU
		{16717653-4FAD-466D-8EB3-B9A03CCA2F66}.Release|Any CPU.Build.0 = Release|Any CPU
		{16717653-4FAD-466D-8EB3-B9A03CCA2F66}.Release|x86.ActiveCfg = Release|Any CPU
		{16717653-4FAD-466D-8EB3-B9A03CCA2F66}.Release|x86.Build.0 = Release|Any CPU
		{908AFC3D-9E26-4F25-BD59-81AA4EE269BA}.Debug|Any CPU.ActiveCfg = Debug|Any CPU
		{908AFC3D-9E26-4F25-BD59-81AA4EE269BA}.Debug|Any CPU.Build.0 = Debug|Any CPU
		{908AFC3D-9E26-4F25-BD59-81AA4EE269BA}.Debug|x86.ActiveCfg = Debug|Any CPU
		{908AFC3D-9E26-4F25-BD59-81AA4EE269BA}.Debug|x86.Build.0 = Debug|Any CPU
		{908AFC3D-9E26-4F25-BD59-81AA4EE269BA}.Release|Any CPU.ActiveCfg = Release|Any CPU
		{908AFC3D-9E26-4F25-BD59-81AA4EE269BA}.Release|Any CPU.Build.0 = Release|Any CPU
		{908AFC3D-9E26-4F25-BD59-81AA4EE269BA}.Release|x86.ActiveCfg = Release|Any CPU
		{908AFC3D-9E26-4F25-BD59-81AA4EE269BA}.Release|x86.Build.0 = Release|Any CPU
		{CC73113B-1CC9-4B71-A97A-95882CE94DAB}.Debug|Any CPU.ActiveCfg = Debug|Any CPU
		{CC73113B-1CC9-4B71-A97A-95882CE94DAB}.Debug|Any CPU.Build.0 = Debug|Any CPU
		{CC73113B-1CC9-4B71-A97A-95882CE94DAB}.Debug|x86.ActiveCfg = Debug|Any CPU
		{CC73113B-1CC9-4B71-A97A-95882CE94DAB}.Debug|x86.Build.0 = Debug|Any CPU
		{CC73113B-1CC9-4B71-A97A-95882CE94DAB}.Release|Any CPU.ActiveCfg = Release|Any CPU
		{CC73113B-1CC9-4B71-A97A-95882CE94DAB}.Release|Any CPU.Build.0 = Release|Any CPU
		{CC73113B-1CC9-4B71-A97A-95882CE94DAB}.Release|x86.ActiveCfg = Release|Any CPU
		{CC73113B-1CC9-4B71-A97A-95882CE94DAB}.Release|x86.Build.0 = Release|Any CPU
		{89BBFB1C-EF68-45BA-925C-CDDAA65F2194}.Debug|Any CPU.ActiveCfg = Debug|Any CPU
		{89BBFB1C-EF68-45BA-925C-CDDAA65F2194}.Debug|Any CPU.Build.0 = Debug|Any CPU
		{89BBFB1C-EF68-45BA-925C-CDDAA65F2194}.Debug|x86.ActiveCfg = Debug|Any CPU
		{89BBFB1C-EF68-45BA-925C-CDDAA65F2194}.Debug|x86.Build.0 = Debug|Any CPU
		{89BBFB1C-EF68-45BA-925C-CDDAA65F2194}.Release|Any CPU.ActiveCfg = Release|Any CPU
		{89BBFB1C-EF68-45BA-925C-CDDAA65F2194}.Release|Any CPU.Build.0 = Release|Any CPU
		{89BBFB1C-EF68-45BA-925C-CDDAA65F2194}.Release|x86.ActiveCfg = Release|Any CPU
		{89BBFB1C-EF68-45BA-925C-CDDAA65F2194}.Release|x86.Build.0 = Release|Any CPU
	EndGlobalSection
	GlobalSection(SolutionProperties) = preSolution
		HideSolutionNode = FALSE
	EndGlobalSection
	GlobalSection(ExtensibilityGlobals) = postSolution
		SolutionGuid = {CD1B61AB-D062-4511-B13F-E0589948811F}
	EndGlobalSection
EndGlobal
